
Microsoft Visual Studio Solution File, Format Version 12.00
# Visual Studio Version 17
VisualStudioVersion = 17.8.34330.188
MinimumVisualStudioVersion = 10.0.40219.1
Project("{FAE04EC0-301F-11D3-BF4B-00C04F79EFBC}") = "SistemaVentasNET6.AplicacionWeb", "SistemaVentasNET6.AplicacionWeb\SistemaVentasNET6.AplicacionWeb.csproj", "{E469ED12-2517-4C3F-B31C-5A953FCAFBB8}"
EndProject
Project("{FAE04EC0-301F-11D3-BF4B-00C04F79EFBC}") = "SistemaVentasNET6.BLL", "SistemaVentasNET6.BLL\SistemaVentasNET6.BLL.csproj", "{AD8F8DFA-2B64-439B-B358-1FC62A490A94}"
EndProject
Project("{FAE04EC0-301F-11D3-BF4B-00C04F79EFBC}") = "SistemaVentasNET6.DAL", "SistemaVentasNET6.DAL\SistemaVentasNET6.DAL.csproj", "{F7E322A9-4D96-49F7-AF19-4FBC9BBBDF63}"
EndProject
Project("{FAE04EC0-301F-11D3-BF4B-00C04F79EFBC}") = "SistemaVentasNET6.IOC", "SistemaVentasNET6.IOC\SistemaVentasNET6.IOC.csproj", "{62BF535D-5BDC-4281-80DB-4E060DF049B8}"
EndProject
Project("{FAE04EC0-301F-11D3-BF4B-00C04F79EFBC}") = "SistemaVentasNET6.Entity", "SistemaVentasNET6.Entity\SistemaVentasNET6.Entity.csproj", "{12B519A3-7814-412D-B8C1-CCC2BFBF7D60}"
EndProject
Global
	GlobalSection(SolutionConfigurationPlatforms) = preSolution
		Debug|Any CPU = Debug|Any CPU
		Release|Any CPU = Release|Any CPU
	EndGlobalSection
	GlobalSection(ProjectConfigurationPlatforms) = postSolution
		{E469ED12-2517-4C3F-B31C-5A953FCAFBB8}.Debug|Any CPU.ActiveCfg = Debug|Any CPU
		{E469ED12-2517-4C3F-B31C-5A953FCAFBB8}.Debug|Any CPU.Build.0 = Debug|Any CPU
		{E469ED12-2517-4C3F-B31C-5A953FCAFBB8}.Release|Any CPU.ActiveCfg = Release|Any CPU
		{E469ED12-2517-4C3F-B31C-5A953FCAFBB8}.Release|Any CPU.Build.0 = Release|Any CPU
		{AD8F8DFA-2B64-439B-B358-1FC62A490A94}.Debug|Any CPU.ActiveCfg = Debug|Any CPU
		{AD8F8DFA-2B64-439B-B358-1FC62A490A94}.Debug|Any CPU.Build.0 = Debug|Any CPU
		{AD8F8DFA-2B64-439B-B358-1FC62A490A94}.Release|Any CPU.ActiveCfg = Release|Any CPU
		{AD8F8DFA-2B64-439B-B358-1FC62A490A94}.Release|Any CPU.Build.0 = Release|Any CPU
		{F7E322A9-4D96-49F7-AF19-4FBC9BBBDF63}.Debug|Any CPU.ActiveCfg = Debug|Any CPU
		{F7E322A9-4D96-49F7-AF19-4FBC9BBBDF63}.Debug|Any CPU.Build.0 = Debug|Any CPU
		{F7E322A9-4D96-49F7-AF19-4FBC9BBBDF63}.Release|Any CPU.ActiveCfg = Release|Any CPU
		{F7E322A9-4D96-49F7-AF19-4FBC9BBBDF63}.Release|Any CPU.Build.0 = Release|Any CPU
		{62BF535D-5BDC-4281-80DB-4E060DF049B8}.Debug|Any CPU.ActiveCfg = Debug|Any CPU
		{62BF535D-5BDC-4281-80DB-4E060DF049B8}.Debug|Any CPU.Build.0 = Debug|Any CPU
		{62BF535D-5BDC-4281-80DB-4E060DF049B8}.Release|Any CPU.ActiveCfg = Release|Any CPU
		{62BF535D-5BDC-4281-80DB-4E060DF049B8}.Release|Any CPU.Build.0 = Release|Any CPU
		{12B519A3-7814-412D-B8C1-CCC2BFBF7D60}.Debug|Any CPU.ActiveCfg = Debug|Any CPU
		{12B519A3-7814-412D-B8C1-CCC2BFBF7D60}.Debug|Any CPU.Build.0 = Debug|Any CPU
		{12B519A3-7814-412D-B8C1-CCC2BFBF7D60}.Release|Any CPU.ActiveCfg = Release|Any CPU
		{12B519A3-7814-412D-B8C1-CCC2BFBF7D60}.Release|Any CPU.Build.0 = Release|Any CPU
	EndGlobalSection
	GlobalSection(SolutionProperties) = preSolution
		HideSolutionNode = FALSE
	EndGlobalSection
	GlobalSection(ExtensibilityGlobals) = postSolution
		SolutionGuid = {7AB1492D-AE7F-4D70-B1F2-4614B3C9EBDD}
	EndGlobalSection
EndGlobal
